
Microsoft Visual Studio Solution File, Format Version 12.00
# Visual Studio Version 17
VisualStudioVersion = 17.0.33402.176
MinimumVisualStudioVersion = 10.0.40219.1
Project("{9A19103F-16F7-4668-BE54-9A1E7A4F7556}") = "PMS", "PMS\PMS.csproj", "{475B800F-2B4D-4CDB-B8F1-1E4755DA76E8}"
EndProject
Project("{9A19103F-16F7-4668-BE54-9A1E7A4F7556}") = "PMS.DAL", "PMS.DAL\PMS.DAL.csproj", "{A7029747-36E0-4C58-82E4-82ECDDCA424A}"
EndProject
Project("{9A19103F-16F7-4668-BE54-9A1E7A4F7556}") = "PMS.BOL", "PMS.BOL\PMS.BOL.csproj", "{27C24AD3-5CA3-42C0-AA35-0185F95593E1}"
EndProject
Project("{9A19103F-16F7-4668-BE54-9A1E7A4F7556}") = "PMS.BLL", "PMS.BLL\PMS.BLL.csproj", "{41EC3E3F-13E0-45A3-8342-2EB5029CD311}"
EndProject
Global
	GlobalSection(SolutionConfigurationPlatforms) = preSolution
		Debug|Any CPU = Debug|Any CPU
		Release|Any CPU = Release|Any CPU
	EndGlobalSection
	GlobalSection(ProjectConfigurationPlatforms) = postSolution
		{475B800F-2B4D-4CDB-B8F1-1E4755DA76E8}.Debug|Any CPU.ActiveCfg = Debug|Any CPU
		{475B800F-2B4D-4CDB-B8F1-1E4755DA76E8}.Debug|Any CPU.Build.0 = Debug|Any CPU
		{475B800F-2B4D-4CDB-B8F1-1E4755DA76E8}.Release|Any CPU.ActiveCfg = Release|Any CPU
		{475B800F-2B4D-4CDB-B8F1-1E4755DA76E8}.Release|Any CPU.Build.0 = Release|Any CPU
		{A7029747-36E0-4C58-82E4-82ECDDCA424A}.Debug|Any CPU.ActiveCfg = Debug|Any CPU
		{A7029747-36E0-4C58-82E4-82ECDDCA424A}.Debug|Any CPU.Build.0 = Debug|Any CPU
		{A7029747-36E0-4C58-82E4-82ECDDCA424A}.Release|Any CPU.ActiveCfg = Release|Any CPU
		{A7029747-36E0-4C58-82E4-82ECDDCA424A}.Release|Any CPU.Build.0 = Release|Any CPU
		{27C24AD3-5CA3-42C0-AA35-0185F95593E1}.Debug|Any CPU.ActiveCfg = Debug|Any CPU
		{27C24AD3-5CA3-42C0-AA35-0185F95593E1}.Debug|Any CPU.Build.0 = Debug|Any CPU
		{27C24AD3-5CA3-42C0-AA35-0185F95593E1}.Release|Any CPU.ActiveCfg = Release|Any CPU
		{27C24AD3-5CA3-42C0-AA35-0185F95593E1}.Release|Any CPU.Build.0 = Release|Any CPU
		{41EC3E3F-13E0-45A3-8342-2EB5029CD311}.Debug|Any CPU.ActiveCfg = Debug|Any CPU
		{41EC3E3F-13E0-45A3-8342-2EB5029CD311}.Debug|Any CPU.Build.0 = Debug|Any CPU
		{41EC3E3F-13E0-45A3-8342-2EB5029CD311}.Release|Any CPU.ActiveCfg = Release|Any CPU
		{41EC3E3F-13E0-45A3-8342-2EB5029CD311}.Release|Any CPU.Build.0 = Release|Any CPU
	EndGlobalSection
	GlobalSection(SolutionProperties) = preSolution
		HideSolutionNode = FALSE
	EndGlobalSection
	GlobalSection(ExtensibilityGlobals) = postSolution
		SolutionGuid = {037E82E9-DB0E-4006-9172-54663D0087A7}
	EndGlobalSection
EndGlobal
